// !$*UTF8*$!
{
	archiveVersion = 1;
	classes = {
	};
	objectVersion = 55;
	objects = {

/* Begin PBXBuildFile section */
		A7A5EDE527820E3C000A4434 /* AppDelegate.swift in Sources */ = {isa = PBXBuildFile; fileRef = A7A5EDE427820E3C000A4434 /* AppDelegate.swift */; };
		A7A5EDE727820E3C000A4434 /* SceneDelegate.swift in Sources */ = {isa = PBXBuildFile; fileRef = A7A5EDE627820E3C000A4434 /* SceneDelegate.swift */; };
		A7A5EDE927820E3C000A4434 /* ViewController.swift in Sources */ = {isa = PBXBuildFile; fileRef = A7A5EDE827820E3C000A4434 /* ViewController.swift */; };
		A7A5EDEC27820E3C000A4434 /* Main.storyboard in Resources */ = {isa = PBXBuildFile; fileRef = A7A5EDEA27820E3C000A4434 /* Main.storyboard */; };
		A7A5EDEE27820E3D000A4434 /* Assets.xcassets in Resources */ = {isa = PBXBuildFile; fileRef = A7A5EDED27820E3D000A4434 /* Assets.xcassets */; };
		A7A5EDF127820E3D000A4434 /* LaunchScreen.storyboard in Resources */ = {isa = PBXBuildFile; fileRef = A7A5EDEF27820E3D000A4434 /* LaunchScreen.storyboard */; };
		A7A5EDFC27820E3D000A4434 /* TasksTests.swift in Sources */ = {isa = PBXBuildFile; fileRef = A7A5EDFB27820E3D000A4434 /* TasksTests.swift */; };
		A7A5EE0627820E3D000A4434 /* TasksUITests.swift in Sources */ = {isa = PBXBuildFile; fileRef = A7A5EE0527820E3D000A4434 /* TasksUITests.swift */; };
		A7A5EE0827820E3D000A4434 /* TasksUITestsLaunchTests.swift in Sources */ = {isa = PBXBuildFile; fileRef = A7A5EE0727820E3D000A4434 /* TasksUITestsLaunchTests.swift */; };
		A7A5EE1527821F7C000A4434 /* EntryViewController.swift in Sources */ = {isa = PBXBuildFile; fileRef = A7A5EE1427821F7C000A4434 /* EntryViewController.swift */; };
		A7A5EE1727821F90000A4434 /* TaskViewController.swift in Sources */ = {isa = PBXBuildFile; fileRef = A7A5EE1627821F90000A4434 /* TaskViewController.swift */; };
/* End PBXBuildFile section */

/* Begin PBXContainerItemProxy section */
		A7A5EDF827820E3D000A4434 /* PBXContainerItemProxy */ = {
			isa = PBXContainerItemProxy;
			containerPortal = A7A5EDD927820E3C000A4434 /* Project object */;
			proxyType = 1;
			remoteGlobalIDString = A7A5EDE027820E3C000A4434;
			remoteInfo = Tasks;
		};
		A7A5EE0227820E3D000A4434 /* PBXContainerItemProxy */ = {
			isa = PBXContainerItemProxy;
			containerPortal = A7A5EDD927820E3C000A4434 /* Project object */;
			proxyType = 1;
			remoteGlobalIDString = A7A5EDE027820E3C000A4434;
			remoteInfo = Tasks;
		};
/* End PBXContainerItemProxy section */

/* Begin PBXFileReference section */
		A7A5EDE127820E3C000A4434 /* Tasks.app */ = {isa = PBXFileReference; explicitFileType = wrapper.application; includeInIndex = 0; path = Tasks.app; sourceTree = BUILT_PRODUCTS_DIR; };
		A7A5EDE427820E3C000A4434 /* AppDelegate.swift */ = {isa = PBXFileReference; lastKnownFileType = sourcecode.swift; path = AppDelegate.swift; sourceTree = "<group>"; };
		A7A5EDE627820E3C000A4434 /* SceneDelegate.swift */ = {isa = PBXFileReference; lastKnownFileType = sourcecode.swift; path = SceneDelegate.swift; sourceTree = "<group>"; };
		A7A5EDE827820E3C000A4434 /* ViewController.swift */ = {isa = PBXFileReference; lastKnownFileType = sourcecode.swift; path = ViewController.swift; sourceTree = "<group>"; };
		A7A5EDEB27820E3C000A4434 /* Base */ = {isa = PBXFileReference; lastKnownFileType = file.storyboard; name = Base; path = Base.lproj/Main.storyboard; sourceTree = "<group>"; };
		A7A5EDED27820E3D000A4434 /* Assets.xcassets */ = {isa = PBXFileReference; lastKnownFileType = folder.assetcatalog; path = Assets.xcassets; sourceTree = "<group>"; };
		A7A5EDF027820E3D000A4434 /* Base */ = {isa = PBXFileReference; lastKnownFileType = file.storyboard; name = Base; path = Base.lproj/LaunchScreen.storyboard; sourceTree = "<group>"; };
		A7A5EDF227820E3D000A4434 /* Info.plist */ = {isa = PBXFileReference; lastKnownFileType = text.plist.xml; path = Info.plist; sourceTree = "<group>"; };
		A7A5EDF727820E3D000A4434 /* TasksTests.xctest */ = {isa = PBXFileReference; explicitFileType = wrapper.cfbundle; includeInIndex = 0; path = TasksTests.xctest; sourceTree = BUILT_PRODUCTS_DIR; };
		A7A5EDFB27820E3D000A4434 /* TasksTests.swift */ = {isa = PBXFileReference; lastKnownFileType = sourcecode.swift; path = TasksTests.swift; sourceTree = "<group>"; };
		A7A5EE0127820E3D000A4434 /* TasksUITests.xctest */ = {isa = PBXFileReference; explicitFileType = wrapper.cfbundle; includeInIndex = 0; path = TasksUITests.xctest; sourceTree = BUILT_PRODUCTS_DIR; };
		A7A5EE0527820E3D000A4434 /* TasksUITests.swift */ = {isa = PBXFileReference; lastKnownFileType = sourcecode.swift; path = TasksUITests.swift; sourceTree = "<group>"; };
		A7A5EE0727820E3D000A4434 /* TasksUITestsLaunchTests.swift */ = {isa = PBXFileReference; lastKnownFileType = sourcecode.swift; path = TasksUITestsLaunchTests.swift; sourceTree = "<group>"; };
		A7A5EE1427821F7C000A4434 /* EntryViewController.swift */ = {isa = PBXFileReference; lastKnownFileType = sourcecode.swift; path = EntryViewController.swift; sourceTree = "<group>"; };
		A7A5EE1627821F90000A4434 /* TaskViewController.swift */ = {isa = PBXFileReference; lastKnownFileType = sourcecode.swift; path = TaskViewController.swift; sourceTree = "<group>"; };
/* End PBXFileReference section */

/* Begin PBXFrameworksBuildPhase section */
		A7A5EDDE27820E3C000A4434 /* Frameworks */ = {
			isa = PBXFrameworksBuildPhase;
			buildActionMask = 2147483647;
			files = (
			);
			runOnlyForDeploymentPostprocessing = 0;
		};
		A7A5EDF427820E3D000A4434 /* Frameworks */ = {
			isa = PBXFrameworksBuildPhase;
			buildActionMask = 2147483647;
			files = (
			);
			runOnlyForDeploymentPostprocessing = 0;
		};
		A7A5EDFE27820E3D000A4434 /* Frameworks */ = {
			isa = PBXFrameworksBuildPhase;
			buildActionMask = 2147483647;
			files = (
			);
			runOnlyForDeploymentPostprocessing = 0;
		};
/* End PBXFrameworksBuildPhase section */

/* Begin PBXGroup section */
		A7A5EDD827820E3C000A4434 = {
			isa = PBXGroup;
			children = (
				A7A5EDE327820E3C000A4434 /* Tasks */,
				A7A5EDFA27820E3D000A4434 /* TasksTests */,
				A7A5EE0427820E3D000A4434 /* TasksUITests */,
				A7A5EDE227820E3C000A4434 /* Products */,
			);
			sourceTree = "<group>";
		};
		A7A5EDE227820E3C000A4434 /* Products */ = {
			isa = PBXGroup;
			children = (
				A7A5EDE127820E3C000A4434 /* Tasks.app */,
				A7A5EDF727820E3D000A4434 /* TasksTests.xctest */,
				A7A5EE0127820E3D000A4434 /* TasksUITests.xctest */,
			);
			name = Products;
			sourceTree = "<group>";
		};
		A7A5EDE327820E3C000A4434 /* Tasks */ = {
			isa = PBXGroup;
			children = (
				A7A5EDE427820E3C000A4434 /* AppDelegate.swift */,
				A7A5EDE627820E3C000A4434 /* SceneDelegate.swift */,
				A7A5EDE827820E3C000A4434 /* ViewController.swift */,
				A7A5EDEA27820E3C000A4434 /* Main.storyboard */,
				A7A5EDED27820E3D000A4434 /* Assets.xcassets */,
				A7A5EDEF27820E3D000A4434 /* LaunchScreen.storyboard */,
				A7A5EDF227820E3D000A4434 /* Info.plist */,
				A7A5EE1427821F7C000A4434 /* EntryViewController.swift */,
				A7A5EE1627821F90000A4434 /* TaskViewController.swift */,
			);
			path = Tasks;
			sourceTree = "<group>";
		};
		A7A5EDFA27820E3D000A4434 /* TasksTests */ = {
			isa = PBXGroup;
			children = (
				A7A5EDFB27820E3D000A4434 /* TasksTests.swift */,
			);
			path = TasksTests;
			sourceTree = "<group>";
		};
		A7A5EE0427820E3D000A4434 /* TasksUITests */ = {
			isa = PBXGroup;
			children = (
				A7A5EE0527820E3D000A4434 /* TasksUITests.swift */,
				A7A5EE0727820E3D000A4434 /* TasksUITestsLaunchTests.swift */,
			);
			path = TasksUITests;
			sourceTree = "<group>";
		};
/* End PBXGroup section */

/* Begin PBXNativeTarget section */
		A7A5EDE027820E3C000A4434 /* Tasks */ = {
			isa = PBXNativeTarget;
			buildConfigurationList = A7A5EE0B27820E3D000A4434 /* Build configuration list for PBXNativeTarget "Tasks" */;
			buildPhases = (
				A7A5EDDD27820E3C000A4434 /* Sources */,
				A7A5EDDE27820E3C000A4434 /* Frameworks */,
				A7A5EDDF27820E3C000A4434 /* Resources */,
			);
			buildRules = (
			);
			dependencies = (
			);
			name = Tasks;
			productName = Tasks;
			productReference = A7A5EDE127820E3C000A4434 /* Tasks.app */;
			productType = "com.apple.product-type.application";
		};
		A7A5EDF627820E3D000A4434 /* TasksTests */ = {
			isa = PBXNativeTarget;
			buildConfigurationList = A7A5EE0E27820E3D000A4434 /* Build configuration list for PBXNativeTarget "TasksTests" */;
			buildPhases = (
				A7A5EDF327820E3D000A4434 /* Sources */,
				A7A5EDF427820E3D000A4434 /* Frameworks */,
				A7A5EDF527820E3D000A4434 /* Resources */,
			);
			buildRules = (
			);
			dependencies = (
				A7A5EDF927820E3D000A4434 /* PBXTargetDependency */,
			);
			name = TasksTests;
			productName = TasksTests;
			productReference = A7A5EDF727820E3D000A4434 /* TasksTests.xctest */;
			productType = "com.apple.product-type.bundle.unit-test";
		};
		A7A5EE0027820E3D000A4434 /* TasksUITests */ = {
			isa = PBXNativeTarget;
			buildConfigurationList = A7A5EE1127820E3D000A4434 /* Build configuration list for PBXNativeTarget "TasksUITests" */;
			buildPhases = (
				A7A5EDFD27820E3D000A4434 /* Sources */,
				A7A5EDFE27820E3D000A4434 /* Frameworks */,
				A7A5EDFF27820E3D000A4434 /* Resources */,
			);
			buildRules = (
			);
			dependencies = (
				A7A5EE0327820E3D000A4434 /* PBXTargetDependency */,
			);
			name = TasksUITests;
			productName = TasksUITests;
			productReference = A7A5EE0127820E3D000A4434 /* TasksUITests.xctest */;
			productType = "com.apple.product-type.bundle.ui-testing";
		};
/* End PBXNativeTarget section */

/* Begin PBXProject section */
		A7A5EDD927820E3C000A4434 /* Project object */ = {
			isa = PBXProject;
			attributes = {
				BuildIndependentTargetsInParallel = 1;
				LastSwiftUpdateCheck = 1320;
				LastUpgradeCheck = 1320;
				TargetAttributes = {
					A7A5EDE027820E3C000A4434 = {
						CreatedOnToolsVersion = 13.2.1;
					};
					A7A5EDF627820E3D000A4434 = {
						CreatedOnToolsVersion = 13.2.1;
						TestTargetID = A7A5EDE027820E3C000A4434;
					};
					A7A5EE0027820E3D000A4434 = {
						CreatedOnToolsVersion = 13.2.1;
						TestTargetID = A7A5EDE027820E3C000A4434;
					};
				};
			};
			buildConfigurationList = A7A5EDDC27820E3C000A4434 /* Build configuration list for PBXProject "Tasks" */;
			compatibilityVersion = "Xcode 13.0";
			developmentRegion = en;
			hasScannedForEncodings = 0;
			knownRegions = (
				en,
				Base,
			);
			mainGroup = A7A5EDD827820E3C000A4434;
			productRefGroup = A7A5EDE227820E3C000A4434 /* Products */;
			projectDirPath = "";
			projectRoot = "";
			targets = (
				A7A5EDE027820E3C000A4434 /* Tasks */,
				A7A5EDF627820E3D000A4434 /* TasksTests */,
				A7A5EE0027820E3D000A4434 /* TasksUITests */,
			);
		};
/* End PBXProject section */

/* Begin PBXResourcesBuildPhase section */
		A7A5EDDF27820E3C000A4434 /* Resources */ = {
			isa = PBXResourcesBuildPhase;
			buildActionMask = 2147483647;
			files = (
				A7A5EDF127820E3D000A4434 /* LaunchScreen.storyboard in Resources */,
				A7A5EDEE27820E3D000A4434 /* Assets.xcassets in Resources */,
				A7A5EDEC27820E3C000A4434 /* Main.storyboard in Resources */,
			);
			runOnlyForDeploymentPostprocessing = 0;
		};
		A7A5EDF527820E3D000A4434 /* Resources */ = {
			isa = PBXResourcesBuildPhase;
			buildActionMask = 2147483647;
			files = (
			);
			runOnlyForDeploymentPostprocessing = 0;
		};
		A7A5EDFF27820E3D000A4434 /* Resources */ = {
			isa = PBXResourcesBuildPhase;
			buildActionMask = 2147483647;
			files = (
			);
			runOnlyForDeploymentPostprocessing = 0;
		};
/* End PBXResourcesBuildPhase section */

/* Begin PBXSourcesBuildPhase section */
		A7A5EDDD27820E3C000A4434 /* Sources */ = {
			isa = PBXSourcesBuildPhase;
			buildActionMask = 2147483647;
			files = (
				A7A5EDE927820E3C000A4434 /* ViewController.swift in Sources */,
				A7A5EE1527821F7C000A4434 /* EntryViewController.swift in Sources */,
				A7A5EE1727821F90000A4434 /* TaskViewController.swift in Sources */,
				A7A5EDE527820E3C000A4434 /* AppDelegate.swift in Sources */,
				A7A5EDE727820E3C000A4434 /* SceneDelegate.swift in Sources */,
			);
			runOnlyForDeploymentPostprocessing = 0;
		};
		A7A5EDF327820E3D000A4434 /* Sources */ = {
			isa = PBXSourcesBuildPhase;
			buildActionMask = 2147483647;
			files = (
				A7A5EDFC27820E3D000A4434 /* TasksTests.swift in Sources */,
			);
			runOnlyForDeploymentPostprocessing = 0;
		};
		A7A5EDFD27820E3D000A4434 /* Sources */ = {
			isa = PBXSourcesBuildPhase;
			buildActionMask = 2147483647;
			files = (
				A7A5EE0627820E3D000A4434 /* TasksUITests.swift in Sources */,
				A7A5EE0827820E3D000A4434 /* TasksUITestsLaunchTests.swift in Sources */,
			);
			runOnlyForDeploymentPostprocessing = 0;
		};
/* End PBXSourcesBuildPhase section */

/* Begin PBXTargetDependency section */
		A7A5EDF927820E3D000A4434 /* PBXTargetDependency */ = {
			isa = PBXTargetDependency;
			target = A7A5EDE027820E3C000A4434 /* Tasks */;
			targetProxy = A7A5EDF827820E3D000A4434 /* PBXContainerItemProxy */;
		};
		A7A5EE0327820E3D000A4434 /* PBXTargetDependency */ = {
			isa = PBXTargetDependency;
			target = A7A5EDE027820E3C000A4434 /* Tasks */;
			targetProxy = A7A5EE0227820E3D000A4434 /* PBXContainerItemProxy */;
		};
/* End PBXTargetDependency section */

/* Begin PBXVariantGroup section */
		A7A5EDEA27820E3C000A4434 /* Main.storyboard */ = {
			isa = PBXVariantGroup;
			children = (
				A7A5EDEB27820E3C000A4434 /* Base */,
			);
			name = Main.storyboard;
			sourceTree = "<group>";
		};
		A7A5EDEF27820E3D000A4434 /* LaunchScreen.storyboard */ = {
			isa = PBXVariantGroup;
			children = (
				A7A5EDF027820E3D000A4434 /* Base */,
			);
			name = LaunchScreen.storyboard;
			sourceTree = "<group>";
		};
/* End PBXVariantGroup section */

/* Begin XCBuildConfiguration section */
		A7A5EE0927820E3D000A4434 /* Debug */ = {
			isa = XCBuildConfiguration;
			buildSettings = {
				ALWAYS_SEARCH_USER_PATHS = NO;
				CLANG_ANALYZER_NONNULL = YES;
				CLANG_ANALYZER_NUMBER_OBJECT_CONVERSION = YES_AGGRESSIVE;
				CLANG_CXX_LANGUAGE_STANDARD = "gnu++17";
				CLANG_CXX_LIBRARY = "libc++";
				CLANG_ENABLE_MODULES = YES;
				CLANG_ENABLE_OBJC_ARC = YES;
				CLANG_ENABLE_OBJC_WEAK = YES;
				CLANG_WARN_BLOCK_CAPTURE_AUTORELEASING = YES;
				CLANG_WARN_BOOL_CONVERSION = YES;
				CLANG_WARN_COMMA = YES;
				CLANG_WARN_CONSTANT_CONVERSION = YES;
				CLANG_WARN_DEPRECATED_OBJC_IMPLEMENTATIONS = YES;
				CLANG_WARN_DIRECT_OBJC_ISA_USAGE = YES_ERROR;
				CLANG_WARN_DOCUMENTATION_COMMENTS = YES;
				CLANG_WARN_EMPTY_BODY = YES;
				CLANG_WARN_ENUM_CONVERSION = YES;
				CLANG_WARN_INFINITE_RECURSION = YES;
				CLANG_WARN_INT_CONVERSION = YES;
				CLANG_WARN_NON_LITERAL_NULL_CONVERSION = YES;
				CLANG_WARN_OBJC_IMPLICIT_RETAIN_SELF = YES;
				CLANG_WARN_OBJC_LITERAL_CONVERSION = YES;
				CLANG_WARN_OBJC_ROOT_CLASS = YES_ERROR;
				CLANG_WARN_QUOTED_INCLUDE_IN_FRAMEWORK_HEADER = YES;
				CLANG_WARN_RANGE_LOOP_ANALYSIS = YES;
				CLANG_WARN_STRICT_PROTOTYPES = YES;
				CLANG_WARN_SUSPICIOUS_MOVE = YES;
				CLANG_WARN_UNGUARDED_AVAILABILITY = YES_AGGRESSIVE;
				CLANG_WARN_UNREACHABLE_CODE = YES;
				CLANG_WARN__DUPLICATE_METHOD_MATCH = YES;
				COPY_PHASE_STRIP = NO;
				DEBUG_INFORMATION_FORMAT = dwarf;
				ENABLE_STRICT_OBJC_MSGSEND = YES;
				ENABLE_TESTABILITY = YES;
				GCC_C_LANGUAGE_STANDARD = gnu11;
				GCC_DYNAMIC_NO_PIC = NO;
				GCC_NO_COMMON_BLOCKS = YES;
				GCC_OPTIMIZATION_LEVEL = 0;
				GCC_PREPROCESSOR_DEFINITIONS = (
					"DEBUG=1",
					"$(inherited)",
				);
				GCC_WARN_64_TO_32_BIT_CONVERSION = YES;
				GCC_WARN_ABOUT_RETURN_TYPE = YES_ERROR;
				GCC_WARN_UNDECLARED_SELECTOR = YES;
				GCC_WARN_UNINITIALIZED_AUTOS = YES_AGGRESSIVE;
				GCC_WARN_UNUSED_FUNCTION = YES;
				GCC_WARN_UNUSED_VARIABLE = YES;
				IPHONEOS_DEPLOYMENT_TARGET = 15.2;
				MTL_ENABLE_DEBUG_INFO = INCLUDE_SOURCE;
				MTL_FAST_MATH = YES;
				ONLY_ACTIVE_ARCH = YES;
				SDKROOT = iphoneos;
				SWIFT_ACTIVE_COMPILATION_CONDITIONS = DEBUG;
				SWIFT_OPTIMIZATION_LEVEL = "-Onone";
			};
			name = Debug;
		};
		A7A5EE0A27820E3D000A4434 /* Release */ = {
			isa = XCBuildConfiguration;
			buildSettings = {
				ALWAYS_SEARCH_USER_PATHS = NO;
				CLANG_ANALYZER_NONNULL = YES;
				CLANG_ANALYZER_NUMBER_OBJECT_CONVERSION = YES_AGGRESSIVE;
				CLANG_CXX_LANGUAGE_STANDARD = "gnu++17";
				CLANG_CXX_LIBRARY = "libc++";
				CLANG_ENABLE_MODULES = YES;
				CLANG_ENABLE_OBJC_ARC = YES;
				CLANG_ENABLE_OBJC_WEAK = YES;
				CLANG_WARN_BLOCK_CAPTURE_AUTORELEASING = YES;
				CLANG_WARN_BOOL_CONVERSION = YES;
				CLANG_WARN_COMMA = YES;
				CLANG_WARN_CONSTANT_CONVERSION = YES;
				CLANG_WARN_DEPRECATED_OBJC_IMPLEMENTATIONS = YES;
				CLANG_WARN_DIRECT_OBJC_ISA_USAGE = YES_ERROR;
				CLANG_WARN_DOCUMENTATION_COMMENTS = YES;
				CLANG_WARN_EMPTY_BODY = YES;
				CLANG_WARN_ENUM_CONVERSION = YES;
				CLANG_WARN_INFINITE_RECURSION = YES;
				CLANG_WARN_INT_CONVERSION = YES;
				CLANG_WARN_NON_LITERAL_NULL_CONVERSION = YES;
				CLANG_WARN_OBJC_IMPLICIT_RETAIN_SELF = YES;
				CLANG_WARN_OBJC_LITERAL_CONVERSION = YES;
				CLANG_WARN_OBJC_ROOT_CLASS = YES_ERROR;
				CLANG_WARN_QUOTED_INCLUDE_IN_FRAMEWORK_HEADER = YES;
				CLANG_WARN_RANGE_LOOP_ANALYSIS = YES;
				CLANG_WARN_STRICT_PROTOTYPES = YES;
				CLANG_WARN_SUSPICIOUS_MOVE = YES;
				CLANG_WARN_UNGUARDED_AVAILABILITY = YES_AGGRESSIVE;
				CLANG_WARN_UNREACHABLE_CODE = YES;
				CLANG_WARN__DUPLICATE_METHOD_MATCH = YES;
				COPY_PHASE_STRIP = NO;
				DEBUG_INFORMATION_FORMAT = "dwarf-with-dsym";
				ENABLE_NS_ASSERTIONS = NO;
				ENABLE_STRICT_OBJC_MSGSEND = YES;
				GCC_C_LANGUAGE_STANDARD = gnu11;
				GCC_NO_COMMON_BLOCKS = YES;
				GCC_WARN_64_TO_32_BIT_CONVERSION = YES;
				GCC_WARN_ABOUT_RETURN_TYPE = YES_ERROR;
				GCC_WARN_UNDECLARED_SELECTOR = YES;
				GCC_WARN_UNINITIALIZED_AUTOS = YES_AGGRESSIVE;
				GCC_WARN_UNUSED_FUNCTION = YES;
				GCC_WARN_UNUSED_VARIABLE = YES;
				IPHONEOS_DEPLOYMENT_TARGET = 15.2;
				MTL_ENABLE_DEBUG_INFO = NO;
				MTL_FAST_MATH = YES;
				SDKROOT = iphoneos;
				SWIFT_COMPILATION_MODE = wholemodule;
				SWIFT_OPTIMIZATION_LEVEL = "-O";
				VALIDATE_PRODUCT = YES;
			};
			name = Release;
		};
		A7A5EE0C27820E3D000A4434 /* Debug */ = {
			isa = XCBuildConfiguration;
			buildSettings = {
				ASSETCATALOG_COMPILER_APPICON_NAME = AppIcon;
				ASSETCATALOG_COMPILER_GLOBAL_ACCENT_COLOR_NAME = AccentColor;
				CODE_SIGN_STYLE = Automatic;
				CURRENT_PROJECT_VERSION = 1;
				GENERATE_INFOPLIST_FILE = YES;
				INFOPLIST_FILE = Tasks/Info.plist;
				INFOPLIST_KEY_UIApplicationSupportsIndirectInputEvents = YES;
				INFOPLIST_KEY_UILaunchStoryboardName = LaunchScreen;
				INFOPLIST_KEY_UIMainStoryboardFile = Main;
				INFOPLIST_KEY_UISupportedInterfaceOrientations_iPad = "UIInterfaceOrientationPortrait UIInterfaceOrientationPortraitUpsideDown UIInterfaceOrientationLandscapeLeft UIInterfaceOrientationLandscapeRight";
				INFOPLIST_KEY_UISupportedInterfaceOrientations_iPhone = "UIInterfaceOrientationPortrait UIInterfaceOrientationLandscapeLeft UIInterfaceOrientationLandscapeRight";
				LD_RUNPATH_SEARCH_PATHS = (
					"$(inherited)",
					"@executable_path/Frameworks",
				);
				MARKETING_VERSION = 1.0;
				PRODUCT_BUNDLE_IDENTIFIER = epsxy.Tasks;
				PRODUCT_NAME = "$(TARGET_NAME)";
				SWIFT_EMIT_LOC_STRINGS = YES;
				SWIFT_VERSION = 5.0;
				TARGETED_DEVICE_FAMILY = "1,2";
			};
			name = Debug;
		};
		A7A5EE0D27820E3D000A4434 /* Release */ = {
			isa = XCBuildConfiguration;
			buildSettings = {
				ASSETCATALOG_COMPILER_APPICON_NAME = AppIcon;
				ASSETCATALOG_COMPILER_GLOBAL_ACCENT_COLOR_NAME = AccentColor;
				CODE_SIGN_STYLE = Automatic;
				CURRENT_PROJECT_VERSION = 1;
				GENERATE_INFOPLIST_FILE = YES;
				INFOPLIST_FILE = Tasks/Info.plist;
				INFOPLIST_KEY_UIApplicationSupportsIndirectInputEvents = YES;
				INFOPLIST_KEY_UILaunchStoryboardName = LaunchScreen;
				INFOPLIST_KEY_UIMainStoryboardFile = Main;
				INFOPLIST_KEY_UISupportedInterfaceOrientations_iPad = "UIInterfaceOrientationPortrait UIInterfaceOrientationPortraitUpsideDown UIInterfaceOrientationLandscapeLeft UIInterfaceOrientationLandscapeRight";
				INFOPLIST_KEY_UISupportedInterfaceOrientations_iPhone = "UIInterfaceOrientationPortrait UIInterfaceOrientationLandscapeLeft UIInterfaceOrientationLandscapeRight";
				LD_RUNPATH_SEARCH_PATHS = (
					"$(inherited)",
					"@executable_path/Frameworks",
				);
				MARKETING_VERSION = 1.0;
				PRODUCT_BUNDLE_IDENTIFIER = epsxy.Tasks;
				PRODUCT_NAME = "$(TARGET_NAME)";
				SWIFT_EMIT_LOC_STRINGS = YES;
				SWIFT_VERSION = 5.0;
				TARGETED_DEVICE_FAMILY = "1,2";
			};
			name = Release;
		};
		A7A5EE0F27820E3D000A4434 /* Debug */ = {
			isa = XCBuildConfiguration;
			buildSettings = {
				ALWAYS_EMBED_SWIFT_STANDARD_LIBRARIES = YES;
				BUNDLE_LOADER = "$(TEST_HOST)";
				CODE_SIGN_STYLE = Automatic;
				CURRENT_PROJECT_VERSION = 1;
				GENERATE_INFOPLIST_FILE = YES;
				IPHONEOS_DEPLOYMENT_TARGET = 15.2;
				MARKETING_VERSION = 1.0;
				PRODUCT_BUNDLE_IDENTIFIER = epsxy.TasksTests;
				PRODUCT_NAME = "$(TARGET_NAME)";
				SWIFT_EMIT_LOC_STRINGS = NO;
				SWIFT_VERSION = 5.0;
				TARGETED_DEVICE_FAMILY = "1,2";
				TEST_HOST = "$(BUILT_PRODUCTS_DIR)/Tasks.app/Tasks";
			};
			name = Debug;
		};
		A7A5EE1027820E3D000A4434 /* Release */ = {
			isa = XCBuildConfiguration;
			buildSettings = {
				ALWAYS_EMBED_SWIFT_STANDARD_LIBRARIES = YES;
				BUNDLE_LOADER = "$(TEST_HOST)";
				CODE_SIGN_STYLE = Automatic;
				CURRENT_PROJECT_VERSION = 1;
				GENERATE_INFOPLIST_FILE = YES;
				IPHONEOS_DEPLOYMENT_TARGET = 15.2;
				MARKETING_VERSION = 1.0;
				PRODUCT_BUNDLE_IDENTIFIER = epsxy.TasksTests;
				PRODUCT_NAME = "$(TARGET_NAME)";
				SWIFT_EMIT_LOC_STRINGS = NO;
				SWIFT_VERSION = 5.0;
				TARGETED_DEVICE_FAMILY = "1,2";
				TEST_HOST = "$(BUILT_PRODUCTS_DIR)/Tasks.app/Tasks";
			};
			name = Release;
		};
		A7A5EE1227820E3D000A4434 /* Debug */ = {
			isa = XCBuildConfiguration;
			buildSettings = {
				ALWAYS_EMBED_SWIFT_STANDARD_LIBRARIES = YES;
				CODE_SIGN_STYLE = Automatic;
				CURRENT_PROJECT_VERSION = 1;
				GENERATE_INFOPLIST_FILE = YES;
				MARKETING_VERSION = 1.0;
				PRODUCT_BUNDLE_IDENTIFIER = epsxy.TasksUITests;
				PRODUCT_NAME = "$(TARGET_NAME)";
				SWIFT_EMIT_LOC_STRINGS = NO;
				SWIFT_VERSION = 5.0;
				TARGETED_DEVICE_FAMILY = "1,2";
				TEST_TARGET_NAME = Tasks;
			};
			name = Debug;
		};
		A7A5EE1327820E3D000A4434 /* Release */ = {
			isa = XCBuildConfiguration;
			buildSettings = {
				ALWAYS_EMBED_SWIFT_STANDARD_LIBRARIES = YES;
				CODE_SIGN_STYLE = Automatic;
				CURRENT_PROJECT_VERSION = 1;
				GENERATE_INFOPLIST_FILE = YES;
				MARKETING_VERSION = 1.0;
				PRODUCT_BUNDLE_IDENTIFIER = epsxy.TasksUITests;
				PRODUCT_NAME = "$(TARGET_NAME)";
				SWIFT_EMIT_LOC_STRINGS = NO;
				SWIFT_VERSION = 5.0;
				TARGETED_DEVICE_FAMILY = "1,2";
				TEST_TARGET_NAME = Tasks;
			};
			name = Release;
		};
/* End XCBuildConfiguration section */

/* Begin XCConfigurationList section */
		A7A5EDDC27820E3C000A4434 /* Build configuration list for PBXProject "Tasks" */ = {
			isa = XCConfigurationList;
			buildConfigurations = (
				A7A5EE0927820E3D000A4434 /* Debug */,
				A7A5EE0A27820E3D000A4434 /* Release */,
			);
			defaultConfigurationIsVisible = 0;
			defaultConfigurationName = Release;
		};
		A7A5EE0B27820E3D000A4434 /* Build configuration list for PBXNativeTarget "Tasks" */ = {
			isa = XCConfigurationList;
			buildConfigurations = (
				A7A5EE0C27820E3D000A4434 /* Debug */,
				A7A5EE0D27820E3D000A4434 /* Release */,
			);
			defaultConfigurationIsVisible = 0;
			defaultConfigurationName = Release;
		};
		A7A5EE0E27820E3D000A4434 /* Build configuration list for PBXNativeTarget "TasksTests" */ = {
			isa = XCConfigurationList;
			buildConfigurations = (
				A7A5EE0F27820E3D000A4434 /* Debug */,
				A7A5EE1027820E3D000A4434 /* Release */,
			);
			defaultConfigurationIsVisible = 0;
			defaultConfigurationName = Release;
		};
		A7A5EE1127820E3D000A4434 /* Build configuration list for PBXNativeTarget "TasksUITests" */ = {
			isa = XCConfigurationList;
			buildConfigurations = (
				A7A5EE1227820E3D000A4434 /* Debug */,
				A7A5EE1327820E3D000A4434 /* Release */,
			);
			defaultConfigurationIsVisible = 0;
			defaultConfigurationName = Release;
		};
/* End XCConfigurationList section */
	};
	rootObject = A7A5EDD927820E3C000A4434 /* Project object */;
}
